// !$*UTF8*$!
{
	archiveVersion = 1;
	classes = {
	};
	objectVersion = 77;
	objects = {

/* Begin PBXContainerItemProxy section */
		5544FA0D2CC6C11000BAC24E /* PBXContainerItemProxy */ = {
			isa = PBXContainerItemProxy;
			containerPortal = 5544F9F42CC6C10F00BAC24E /* Project object */;
			proxyType = 1;
			remoteGlobalIDString = 5544F9FB2CC6C10F00BAC24E;
			remoteInfo = SnapScroll;
		};
		5544FA172CC6C11000BAC24E /* PBXContainerItemProxy */ = {
			isa = PBXContainerItemProxy;
			containerPortal = 5544F9F42CC6C10F00BAC24E /* Project object */;
			proxyType = 1;
			remoteGlobalIDString = 5544F9FB2CC6C10F00BAC24E;
			remoteInfo = SnapScroll;
		};
/* End PBXContainerItemProxy section */

/* Begin PBXFileReference section */
		5544F9FC2CC6C10F00BAC24E /* SnapScroll.app */ = {isa = PBXFileReference; explicitFileType = wrapper.application; includeInIndex = 0; path = SnapScroll.app; sourceTree = BUILT_PRODUCTS_DIR; };
		5544FA0C2CC6C11000BAC24E /* SnapScrollTests.xctest */ = {isa = PBXFileReference; explicitFileType = wrapper.cfbundle; includeInIndex = 0; path = SnapScrollTests.xctest; sourceTree = BUILT_PRODUCTS_DIR; };
		5544FA162CC6C11000BAC24E /* SnapScrollUITests.xctest */ = {isa = PBXFileReference; explicitFileType = wrapper.cfbundle; includeInIndex = 0; path = SnapScrollUITests.xctest; sourceTree = BUILT_PRODUCTS_DIR; };
/* End PBXFileReference section */

/* Begin PBXFileSystemSynchronizedRootGroup section */
		5544F9FE2CC6C10F00BAC24E /* SnapScroll */ = {
			isa = PBXFileSystemSynchronizedRootGroup;
			path = SnapScroll;
			sourceTree = "<group>";
		};
		5544FA0F2CC6C11000BAC24E /* SnapScrollTests */ = {
			isa = PBXFileSystemSynchronizedRootGroup;
			path = SnapScrollTests;
			sourceTree = "<group>";
		};
		5544FA192CC6C11000BAC24E /* SnapScrollUITests */ = {
			isa = PBXFileSystemSynchronizedRootGroup;
			path = SnapScrollUITests;
			sourceTree = "<group>";
		};
/* End PBXFileSystemSynchronizedRootGroup section */

/* Begin PBXFrameworksBuildPhase section */
		5544F9F92CC6C10F00BAC24E /* Frameworks */ = {
			isa = PBXFrameworksBuildPhase;
			buildActionMask = 2147483647;
			files = (
			);
			runOnlyForDeploymentPostprocessing = 0;
		};
		5544FA092CC6C11000BAC24E /* Frameworks */ = {
			isa = PBXFrameworksBuildPhase;
			buildActionMask = 2147483647;
			files = (
			);
			runOnlyForDeploymentPostprocessing = 0;
		};
		5544FA132CC6C11000BAC24E /* Frameworks */ = {
			isa = PBXFrameworksBuildPhase;
			buildActionMask = 2147483647;
			files = (
			);
			runOnlyForDeploymentPostprocessing = 0;
		};
/* End PBXFrameworksBuildPhase section */

/* Begin PBXGroup section */
		5544F9F32CC6C10F00BAC24E = {
			isa = PBXGroup;
			children = (
				5544F9FE2CC6C10F00BAC24E /* SnapScroll */,
				5544FA0F2CC6C11000BAC24E /* SnapScrollTests */,
				5544FA192CC6C11000BAC24E /* SnapScrollUITests */,
				5544F9FD2CC6C10F00BAC24E /* Products */,
			);
			sourceTree = "<group>";
		};
		5544F9FD2CC6C10F00BAC24E /* Products */ = {
			isa = PBXGroup;
			children = (
				5544F9FC2CC6C10F00BAC24E /* SnapScroll.app */,
				5544FA0C2CC6C11000BAC24E /* SnapScrollTests.xctest */,
				5544FA162CC6C11000BAC24E /* SnapScrollUITests.xctest */,
			);
			name = Products;
			sourceTree = "<group>";
		};
/* End PBXGroup section */

/* Begin PBXNativeTarget section */
		5544F9FB2CC6C10F00BAC24E /* SnapScroll */ = {
			isa = PBXNativeTarget;
			buildConfigurationList = 5544FA202CC6C11000BAC24E /* Build configuration list for PBXNativeTarget "SnapScroll" */;
			buildPhases = (
				5544F9F82CC6C10F00BAC24E /* Sources */,
				5544F9F92CC6C10F00BAC24E /* Frameworks */,
				5544F9FA2CC6C10F00BAC24E /* Resources */,
			);
			buildRules = (
			);
			dependencies = (
			);
			fileSystemSynchronizedGroups = (
				5544F9FE2CC6C10F00BAC24E /* SnapScroll */,
			);
			name = SnapScroll;
			packageProductDependencies = (
			);
			productName = SnapScroll;
			productReference = 5544F9FC2CC6C10F00BAC24E /* SnapScroll.app */;
			productType = "com.apple.product-type.application";
		};
		5544FA0B2CC6C11000BAC24E /* SnapScrollTests */ = {
			isa = PBXNativeTarget;
			buildConfigurationList = 5544FA232CC6C11000BAC24E /* Build configuration list for PBXNativeTarget "SnapScrollTests" */;
			buildPhases = (
				5544FA082CC6C11000BAC24E /* Sources */,
				5544FA092CC6C11000BAC24E /* Frameworks */,
				5544FA0A2CC6C11000BAC24E /* Resources */,
			);
			buildRules = (
			);
			dependencies = (
				5544FA0E2CC6C11000BAC24E /* PBXTargetDependency */,
			);
			fileSystemSynchronizedGroups = (
				5544FA0F2CC6C11000BAC24E /* SnapScrollTests */,
			);
			name = SnapScrollTests;
			packageProductDependencies = (
			);
			productName = SnapScrollTests;
			productReference = 5544FA0C2CC6C11000BAC24E /* SnapScrollTests.xctest */;
			productType = "com.apple.product-type.bundle.unit-test";
		};
		5544FA152CC6C11000BAC24E /* SnapScrollUITests */ = {
			isa = PBXNativeTarget;
			buildConfigurationList = 5544FA262CC6C11000BAC24E /* Build configuration list for PBXNativeTarget "SnapScrollUITests" */;
			buildPhases = (
				5544FA122CC6C11000BAC24E /* Sources */,
				5544FA132CC6C11000BAC24E /* Frameworks */,
				5544FA142CC6C11000BAC24E /* Resources */,
			);
			buildRules = (
			);
			dependencies = (
				5544FA182CC6C11000BAC24E /* PBXTargetDependency */,
			);
			fileSystemSynchronizedGroups = (
				5544FA192CC6C11000BAC24E /* SnapScrollUITests */,
			);
			name = SnapScrollUITests;
			packageProductDependencies = (
			);
			productName = SnapScrollUITests;
			productReference = 5544FA162CC6C11000BAC24E /* SnapScrollUITests.xctest */;
			productType = "com.apple.product-type.bundle.ui-testing";
		};
/* End PBXNativeTarget section */

/* Begin PBXProject section */
		5544F9F42CC6C10F00BAC24E /* Project object */ = {
			isa = PBXProject;
			attributes = {
				BuildIndependentTargetsInParallel = 1;
				LastSwiftUpdateCheck = 1600;
				LastUpgradeCheck = 1600;
				TargetAttributes = {
					5544F9FB2CC6C10F00BAC24E = {
						CreatedOnToolsVersion = 16.0;
					};
					5544FA0B2CC6C11000BAC24E = {
						CreatedOnToolsVersion = 16.0;
						TestTargetID = 5544F9FB2CC6C10F00BAC24E;
					};
					5544FA152CC6C11000BAC24E = {
						CreatedOnToolsVersion = 16.0;
						TestTargetID = 5544F9FB2CC6C10F00BAC24E;
					};
				};
			};
			buildConfigurationList = 5544F9F72CC6C10F00BAC24E /* Build configuration list for PBXProject "SnapScroll" */;
			developmentRegion = en;
			hasScannedForEncodings = 0;
			knownRegions = (
				en,
				Base,
			);
			mainGroup = 5544F9F32CC6C10F00BAC24E;
			minimizedProjectReferenceProxies = 1;
			preferredProjectObjectVersion = 77;
			productRefGroup = 5544F9FD2CC6C10F00BAC24E /* Products */;
			projectDirPath = "";
			projectRoot = "";
			targets = (
				5544F9FB2CC6C10F00BAC24E /* SnapScroll */,
				5544FA0B2CC6C11000BAC24E /* SnapScrollTests */,
				5544FA152CC6C11000BAC24E /* SnapScrollUITests */,
			);
		};
/* End PBXProject section */

/* Begin PBXResourcesBuildPhase section */
		5544F9FA2CC6C10F00BAC24E /* Resources */ = {
			isa = PBXResourcesBuildPhase;
			buildActionMask = 2147483647;
			files = (
			);
			runOnlyForDeploymentPostprocessing = 0;
		};
		5544FA0A2CC6C11000BAC24E /* Resources */ = {
			isa = PBXResourcesBuildPhase;
			buildActionMask = 2147483647;
			files = (
			);
			runOnlyForDeploymentPostprocessing = 0;
		};
		5544FA142CC6C11000BAC24E /* Resources */ = {
			isa = PBXResourcesBuildPhase;
			buildActionMask = 2147483647;
			files = (
			);
			runOnlyForDeploymentPostprocessing = 0;
		};
/* End PBXResourcesBuildPhase section */

/* Begin PBXSourcesBuildPhase section */
		5544F9F82CC6C10F00BAC24E /* Sources */ = {
			isa = PBXSourcesBuildPhase;
			buildActionMask = 2147483647;
			files = (
			);
			runOnlyForDeploymentPostprocessing = 0;
		};
		5544FA082CC6C11000BAC24E /* Sources */ = {
			isa = PBXSourcesBuildPhase;
			buildActionMask = 2147483647;
			files = (
			);
			runOnlyForDeploymentPostprocessing = 0;
		};
		5544FA122CC6C11000BAC24E /* Sources */ = {
			isa = PBXSourcesBuildPhase;
			buildActionMask = 2147483647;
			files = (
			);
			runOnlyForDeploymentPostprocessing = 0;
		};
/* End PBXSourcesBuildPhase section */

/* Begin PBXTargetDependency section */
		5544FA0E2CC6C11000BAC24E /* PBXTargetDependency */ = {
			isa = PBXTargetDependency;
			target = 5544F9FB2CC6C10F00BAC24E /* SnapScroll */;
			targetProxy = 5544FA0D2CC6C11000BAC24E /* PBXContainerItemProxy */;
		};
		5544FA182CC6C11000BAC24E /* PBXTargetDependency */ = {
			isa = PBXTargetDependency;
			target = 5544F9FB2CC6C10F00BAC24E /* SnapScroll */;
			targetProxy = 5544FA172CC6C11000BAC24E /* PBXContainerItemProxy */;
		};
/* End PBXTargetDependency section */

/* Begin XCBuildConfiguration section */
		5544FA1E2CC6C11000BAC24E /* Debug */ = {
			isa = XCBuildConfiguration;
			buildSettings = {
				ALWAYS_SEARCH_USER_PATHS = NO;
				ASSETCATALOG_COMPILER_GENERATE_SWIFT_ASSET_SYMBOL_EXTENSIONS = YES;
				CLANG_ANALYZER_NONNULL = YES;
				CLANG_ANALYZER_NUMBER_OBJECT_CONVERSION = YES_AGGRESSIVE;
				CLANG_CXX_LANGUAGE_STANDARD = "gnu++20";
				CLANG_ENABLE_MODULES = YES;
				CLANG_ENABLE_OBJC_ARC = YES;
				CLANG_ENABLE_OBJC_WEAK = YES;
				CLANG_WARN_BLOCK_CAPTURE_AUTORELEASING = YES;
				CLANG_WARN_BOOL_CONVERSION = YES;
				CLANG_WARN_COMMA = YES;
				CLANG_WARN_CONSTANT_CONVERSION = YES;
				CLANG_WARN_DEPRECATED_OBJC_IMPLEMENTATIONS = YES;
				CLANG_WARN_DIRECT_OBJC_ISA_USAGE = YES_ERROR;
				CLANG_WARN_DOCUMENTATION_COMMENTS = YES;
				CLANG_WARN_EMPTY_BODY = YES;
				CLANG_WARN_ENUM_CONVERSION = YES;
				CLANG_WARN_INFINITE_RECURSION = YES;
				CLANG_WARN_INT_CONVERSION = YES;
				CLANG_WARN_NON_LITERAL_NULL_CONVERSION = YES;
				CLANG_WARN_OBJC_IMPLICIT_RETAIN_SELF = YES;
				CLANG_WARN_OBJC_LITERAL_CONVERSION = YES;
				CLANG_WARN_OBJC_ROOT_CLASS = YES_ERROR;
				CLANG_WARN_QUOTED_INCLUDE_IN_FRAMEWORK_HEADER = YES;
				CLANG_WARN_RANGE_LOOP_ANALYSIS = YES;
				CLANG_WARN_STRICT_PROTOTYPES = YES;
				CLANG_WARN_SUSPICIOUS_MOVE = YES;
				CLANG_WARN_UNGUARDED_AVAILABILITY = YES_AGGRESSIVE;
				CLANG_WARN_UNREACHABLE_CODE = YES;
				CLANG_WARN__DUPLICATE_METHOD_MATCH = YES;
				COPY_PHASE_STRIP = NO;
				DEBUG_INFORMATION_FORMAT = dwarf;
				ENABLE_STRICT_OBJC_MSGSEND = YES;
				ENABLE_TESTABILITY = YES;
				ENABLE_USER_SCRIPT_SANDBOXING = YES;
				GCC_C_LANGUAGE_STANDARD = gnu17;
				GCC_DYNAMIC_NO_PIC = NO;
				GCC_NO_COMMON_BLOCKS = YES;
				GCC_OPTIMIZATION_LEVEL = 0;
				GCC_PREPROCESSOR_DEFINITIONS = (
					"DEBUG=1",
					"$(inherited)",
				);
				GCC_WARN_64_TO_32_BIT_CONVERSION = YES;
				GCC_WARN_ABOUT_RETURN_TYPE = YES_ERROR;
				GCC_WARN_UNDECLARED_SELECTOR = YES;
				GCC_WARN_UNINITIALIZED_AUTOS = YES_AGGRESSIVE;
				GCC_WARN_UNUSED_FUNCTION = YES;
				GCC_WARN_UNUSED_VARIABLE = YES;
				IPHONEOS_DEPLOYMENT_TARGET = 18.0;
				LOCALIZATION_PREFERS_STRING_CATALOGS = YES;
				MTL_ENABLE_DEBUG_INFO = INCLUDE_SOURCE;
				MTL_FAST_MATH = YES;
				ONLY_ACTIVE_ARCH = YES;
				SDKROOT = iphoneos;
				SWIFT_ACTIVE_COMPILATION_CONDITIONS = "DEBUG $(inherited)";
				SWIFT_OPTIMIZATION_LEVEL = "-Onone";
			};
			name = Debug;
		};
		5544FA1F2CC6C11000BAC24E /* Release */ = {
			isa = XCBuildConfiguration;
			buildSettings = {
				ALWAYS_SEARCH_USER_PATHS = NO;
				ASSETCATALOG_COMPILER_GENERATE_SWIFT_ASSET_SYMBOL_EXTENSIONS = YES;
				CLANG_ANALYZER_NONNULL = YES;
				CLANG_ANALYZER_NUMBER_OBJECT_CONVERSION = YES_AGGRESSIVE;
				CLANG_CXX_LANGUAGE_STANDARD = "gnu++20";
				CLANG_ENABLE_MODULES = YES;
				CLANG_ENABLE_OBJC_ARC = YES;
				CLANG_ENABLE_OBJC_WEAK = YES;
				CLANG_WARN_BLOCK_CAPTURE_AUTORELEASING = YES;
				CLANG_WARN_BOOL_CONVERSION = YES;
				CLANG_WARN_COMMA = YES;
				CLANG_WARN_CONSTANT_CONVERSION = YES;
				CLANG_WARN_DEPRECATED_OBJC_IMPLEMENTATIONS = YES;
				CLANG_WARN_DIRECT_OBJC_ISA_USAGE = YES_ERROR;
				CLANG_WARN_DOCUMENTATION_COMMENTS = YES;
				CLANG_WARN_EMPTY_BODY = YES;
				CLANG_WARN_ENUM_CONVERSION = YES;
				CLANG_WARN_INFINITE_RECURSION = YES;
				CLANG_WARN_INT_CONVERSION = YES;
				CLANG_WARN_NON_LITERAL_NULL_CONVERSION = YES;
				CLANG_WARN_OBJC_IMPLICIT_RETAIN_SELF = YES;
				CLANG_WARN_OBJC_LITERAL_CONVERSION = YES;
				CLANG_WARN_OBJC_ROOT_CLASS = YES_ERROR;
				CLANG_WARN_QUOTED_INCLUDE_IN_FRAMEWORK_HEADER = YES;
				CLANG_WARN_RANGE_LOOP_ANALYSIS = YES;
				CLANG_WARN_STRICT_PROTOTYPES = YES;
				CLANG_WARN_SUSPICIOUS_MOVE = YES;
				CLANG_WARN_UNGUARDED_AVAILABILITY = YES_AGGRESSIVE;
				CLANG_WARN_UNREACHABLE_CODE = YES;
				CLANG_WARN__DUPLICATE_METHOD_MATCH = YES;
				COPY_PHASE_STRIP = NO;
				DEBUG_INFORMATION_FORMAT = "dwarf-with-dsym";
				ENABLE_NS_ASSERTIONS = NO;
				ENABLE_STRICT_OBJC_MSGSEND = YES;
				ENABLE_USER_SCRIPT_SANDBOXING = YES;
				GCC_C_LANGUAGE_STANDARD = gnu17;
				GCC_NO_COMMON_BLOCKS = YES;
				GCC_WARN_64_TO_32_BIT_CONVERSION = YES;
				GCC_WARN_ABOUT_RETURN_TYPE = YES_ERROR;
				GCC_WARN_UNDECLARED_SELECTOR = YES;
				GCC_WARN_UNINITIALIZED_AUTOS = YES_AGGRESSIVE;
				GCC_WARN_UNUSED_FUNCTION = YES;
				GCC_WARN_UNUSED_VARIABLE = YES;
				IPHONEOS_DEPLOYMENT_TARGET = 18.0;
				LOCALIZATION_PREFERS_STRING_CATALOGS = YES;
				MTL_ENABLE_DEBUG_INFO = NO;
				MTL_FAST_MATH = YES;
				SDKROOT = iphoneos;
				SWIFT_COMPILATION_MODE = wholemodule;
				VALIDATE_PRODUCT = YES;
			};
			name = Release;
		};
		5544FA212CC6C11000BAC24E /* Debug */ = {
			isa = XCBuildConfiguration;
			buildSettings = {
				ASSETCATALOG_COMPILER_APPICON_NAME = AppIcon;
				ASSETCATALOG_COMPILER_GLOBAL_ACCENT_COLOR_NAME = AccentColor;
				CODE_SIGN_STYLE = Automatic;
				CURRENT_PROJECT_VERSION = 1;
				DEVELOPMENT_ASSET_PATHS = "\"SnapScroll/Preview Content\"";
				ENABLE_PREVIEWS = YES;
				GENERATE_INFOPLIST_FILE = YES;
				INFOPLIST_KEY_UIApplicationSceneManifest_Generation = YES;
				INFOPLIST_KEY_UIApplicationSupportsIndirectInputEvents = YES;
				INFOPLIST_KEY_UILaunchScreen_Generation = YES;
				INFOPLIST_KEY_UISupportedInterfaceOrientations_iPad = "UIInterfaceOrientationPortrait UIInterfaceOrientationPortraitUpsideDown UIInterfaceOrientationLandscapeLeft UIInterfaceOrientationLandscapeRight";
				INFOPLIST_KEY_UISupportedInterfaceOrientations_iPhone = "UIInterfaceOrientationPortrait UIInterfaceOrientationLandscapeLeft UIInterfaceOrientationLandscapeRight";
				LD_RUNPATH_SEARCH_PATHS = (
					"$(inherited)",
					"@executable_path/Frameworks",
				);
				MARKETING_VERSION = 1.0;
				PRODUCT_BUNDLE_IDENTIFIER = com.practice.SnapScroll;
				PRODUCT_NAME = "$(TARGET_NAME)";
				SWIFT_EMIT_LOC_STRINGS = YES;
				SWIFT_VERSION = 5.0;
				TARGETED_DEVICE_FAMILY = "1,2";
			};
			name = Debug;
		};
		5544FA222CC6C11000BAC24E /* Release */ = {
			isa = XCBuildConfiguration;
			buildSettings = {
				ASSETCATALOG_COMPILER_APPICON_NAME = AppIcon;
				ASSETCATALOG_COMPILER_GLOBAL_ACCENT_COLOR_NAME = AccentColor;
				CODE_SIGN_STYLE = Automatic;
				CURRENT_PROJECT_VERSION = 1;
				DEVELOPMENT_ASSET_PATHS = "\"SnapScroll/Preview Content\"";
				ENABLE_PREVIEWS = YES;
				GENERATE_INFOPLIST_FILE = YES;
				INFOPLIST_KEY_UIApplicationSceneManifest_Generation = YES;
				INFOPLIST_KEY_UIApplicationSupportsIndirectInputEvents = YES;
				INFOPLIST_KEY_UILaunchScreen_Generation = YES;
				INFOPLIST_KEY_UISupportedInterfaceOrientations_iPad = "UIInterfaceOrientationPortrait UIInterfaceOrientationPortraitUpsideDown UIInterfaceOrientationLandscapeLeft UIInterfaceOrientationLandscapeRight";
				INFOPLIST_KEY_UISupportedInterfaceOrientations_iPhone = "UIInterfaceOrientationPortrait UIInterfaceOrientationLandscapeLeft UIInterfaceOrientationLandscapeRight";
				LD_RUNPATH_SEARCH_PATHS = (
					"$(inherited)",
					"@executable_path/Frameworks",
				);
				MARKETING_VERSION = 1.0;
				PRODUCT_BUNDLE_IDENTIFIER = com.practice.SnapScroll;
				PRODUCT_NAME = "$(TARGET_NAME)";
				SWIFT_EMIT_LOC_STRINGS = YES;
				SWIFT_VERSION = 5.0;
				TARGETED_DEVICE_FAMILY = "1,2";
			};
			name = Release;
		};
		5544FA242CC6C11000BAC24E /* Debug */ = {
			isa = XCBuildConfiguration;
			buildSettings = {
				BUNDLE_LOADER = "$(TEST_HOST)";
				CODE_SIGN_STYLE = Automatic;
				CURRENT_PROJECT_VERSION = 1;
				GENERATE_INFOPLIST_FILE = YES;
				IPHONEOS_DEPLOYMENT_TARGET = 18.0;
				MARKETING_VERSION = 1.0;
				PRODUCT_BUNDLE_IDENTIFIER = com.practice.SnapScrollTests;
				PRODUCT_NAME = "$(TARGET_NAME)";
				SWIFT_EMIT_LOC_STRINGS = NO;
				SWIFT_VERSION = 5.0;
				TARGETED_DEVICE_FAMILY = "1,2";
				TEST_HOST = "$(BUILT_PRODUCTS_DIR)/SnapScroll.app/$(BUNDLE_EXECUTABLE_FOLDER_PATH)/SnapScroll";
			};
			name = Debug;
		};
		5544FA252CC6C11000BAC24E /* Release */ = {
			isa = XCBuildConfiguration;
			buildSettings = {
				BUNDLE_LOADER = "$(TEST_HOST)";
				CODE_SIGN_STYLE = Automatic;
				CURRENT_PROJECT_VERSION = 1;
				GENERATE_INFOPLIST_FILE = YES;
				IPHONEOS_DEPLOYMENT_TARGET = 18.0;
				MARKETING_VERSION = 1.0;
				PRODUCT_BUNDLE_IDENTIFIER = com.practice.SnapScrollTests;
				PRODUCT_NAME = "$(TARGET_NAME)";
				SWIFT_EMIT_LOC_STRINGS = NO;
				SWIFT_VERSION = 5.0;
				TARGETED_DEVICE_FAMILY = "1,2";
				TEST_HOST = "$(BUILT_PRODUCTS_DIR)/SnapScroll.app/$(BUNDLE_EXECUTABLE_FOLDER_PATH)/SnapScroll";
			};
			name = Release;
		};
		5544FA272CC6C11000BAC24E /* Debug */ = {
			isa = XCBuildConfiguration;
			buildSettings = {
				CODE_SIGN_STYLE = Automatic;
				CURRENT_PROJECT_VERSION = 1;
				GENERATE_INFOPLIST_FILE = YES;
				MARKETING_VERSION = 1.0;
				PRODUCT_BUNDLE_IDENTIFIER = com.practice.SnapScrollUITests;
				PRODUCT_NAME = "$(TARGET_NAME)";
				SWIFT_EMIT_LOC_STRINGS = NO;
				SWIFT_VERSION = 5.0;
				TARGETED_DEVICE_FAMILY = "1,2";
				TEST_TARGET_NAME = SnapScroll;
			};
			name = Debug;
		};
		5544FA282CC6C11000BAC24E /* Release */ = {
			isa = XCBuildConfiguration;
			buildSettings = {
				CODE_SIGN_STYLE = Automatic;
				CURRENT_PROJECT_VERSION = 1;
				GENERATE_INFOPLIST_FILE = YES;
				MARKETING_VERSION = 1.0;
				PRODUCT_BUNDLE_IDENTIFIER = com.practice.SnapScrollUITests;
				PRODUCT_NAME = "$(TARGET_NAME)";
				SWIFT_EMIT_LOC_STRINGS = NO;
				SWIFT_VERSION = 5.0;
				TARGETED_DEVICE_FAMILY = "1,2";
				TEST_TARGET_NAME = SnapScroll;
			};
			name = Release;
		};
/* End XCBuildConfiguration section */

/* Begin XCConfigurationList section */
		5544F9F72CC6C10F00BAC24E /* Build configuration list for PBXProject "SnapScroll" */ = {
			isa = XCConfigurationList;
			buildConfigurations = (
				5544FA1E2CC6C11000BAC24E /* Debug */,
				5544FA1F2CC6C11000BAC24E /* Release */,
			);
			defaultConfigurationIsVisible = 0;
			defaultConfigurationName = Release;
		};
		5544FA202CC6C11000BAC24E /* Build configuration list for PBXNativeTarget "SnapScroll" */ = {
			isa = XCConfigurationList;
			buildConfigurations = (
				5544FA212CC6C11000BAC24E /* Debug */,
				5544FA222CC6C11000BAC24E /* Release */,
			);
			defaultConfigurationIsVisible = 0;
			defaultConfigurationName = Release;
		};
		5544FA232CC6C11000BAC24E /* Build configuration list for PBXNativeTarget "SnapScrollTests" */ = {
			isa = XCConfigurationList;
			buildConfigurations = (
				5544FA242CC6C11000BAC24E /* Debug */,
				5544FA252CC6C11000BAC24E /* Release */,
			);
			defaultConfigurationIsVisible = 0;
			defaultConfigurationName = Release;
		};
		5544FA262CC6C11000BAC24E /* Build configuration list for PBXNativeTarget "SnapScrollUITests" */ = {
			isa = XCConfigurationList;
			buildConfigurations = (
				5544FA272CC6C11000BAC24E /* Debug */,
				5544FA282CC6C11000BAC24E /* Release */,
			);
			defaultConfigurationIsVisible = 0;
			defaultConfigurationName = Release;
		};
/* End XCConfigurationList section */
	};
	rootObject = 5544F9F42CC6C10F00BAC24E /* Project object */;
}
